
Microsoft Visual Studio Solution File, Format Version 12.00
# Visual Studio Version 16
VisualStudioVersion = 16.0.30330.147
MinimumVisualStudioVersion = 10.0.40219.1
Project("{9A19103F-16F7-4668-BE54-9A1E7A4F7556}") = "CarService", "CarService\CarService.csproj", "{F164B5BF-0BAF-47F7-A393-A16C5655C43B}"
EndProject
Project("{E53339B2-1760-4266-BCC7-CA923CBCF16C}") = "docker-compose", "docker-compose.dcproj", "{09A81D44-1CFC-4BFC-B401-2A5391FCC1BB}"
EndProject
Global
	GlobalSection(SolutionConfigurationPlatforms) = preSolution
		Debug|Any CPU = Debug|Any CPU
		Release|Any CPU = Release|Any CPU
	EndGlobalSection
	GlobalSection(ProjectConfigurationPlatforms) = postSolution
		{F164B5BF-0BAF-47F7-A393-A16C5655C43B}.Debug|Any CPU.ActiveCfg = Debug|Any CPU
		{F164B5BF-0BAF-47F7-A393-A16C5655C43B}.Debug|Any CPU.Build.0 = Debug|Any CPU
		{F164B5BF-0BAF-47F7-A393-A16C5655C43B}.Release|Any CPU.ActiveCfg = Release|Any CPU
		{F164B5BF-0BAF-47F7-A393-A16C5655C43B}.Release|Any CPU.Build.0 = Release|Any CPU
		{09A81D44-1CFC-4BFC-B401-2A5391FCC1BB}.Debug|Any CPU.ActiveCfg = Debug|Any CPU
		{09A81D44-1CFC-4BFC-B401-2A5391FCC1BB}.Debug|Any CPU.Build.0 = Debug|Any CPU
		{09A81D44-1CFC-4BFC-B401-2A5391FCC1BB}.Release|Any CPU.ActiveCfg = Release|Any CPU
		{09A81D44-1CFC-4BFC-B401-2A5391FCC1BB}.Release|Any CPU.Build.0 = Release|Any CPU
	EndGlobalSection
	GlobalSection(SolutionProperties) = preSolution
		HideSolutionNode = FALSE
	EndGlobalSection
	GlobalSection(ExtensibilityGlobals) = postSolution
		SolutionGuid = {3AED0219-B3D7-4A15-B98B-74BF0A4A28EF}
	EndGlobalSection
EndGlobal
